// !$*UTF8*$!
{
	archiveVersion = 1;
	classes = {
	};
	objectVersion = 46;
	objects = {

/* Begin PBXBuildFile section */
		92468EE31E47DC6700EB548E /* AppDelegate.swift in Sources */ = {isa = PBXBuildFile; fileRef = 92468EE21E47DC6700EB548E /* AppDelegate.swift */; };
		92468EE51E47DC6700EB548E /* ViewController.swift in Sources */ = {isa = PBXBuildFile; fileRef = 92468EE41E47DC6700EB548E /* ViewController.swift */; };
		92468EE81E47DC6700EB548E /* Main.storyboard in Resources */ = {isa = PBXBuildFile; fileRef = 92468EE61E47DC6700EB548E /* Main.storyboard */; };
		92468EEA1E47DC6700EB548E /* Assets.xcassets in Resources */ = {isa = PBXBuildFile; fileRef = 92468EE91E47DC6700EB548E /* Assets.xcassets */; };
		92468EED1E47DC6700EB548E /* LaunchScreen.storyboard in Resources */ = {isa = PBXBuildFile; fileRef = 92468EEB1E47DC6700EB548E /* LaunchScreen.storyboard */; };
		92468EF81E47DC6700EB548E /* SaveTheKittensTests.swift in Sources */ = {isa = PBXBuildFile; fileRef = 92468EF71E47DC6700EB548E /* SaveTheKittensTests.swift */; };
		92468F031E47DC6700EB548E /* SaveTheKittensUITests.swift in Sources */ = {isa = PBXBuildFile; fileRef = 92468F021E47DC6700EB548E /* SaveTheKittensUITests.swift */; };
/* End PBXBuildFile section */

/* Begin PBXContainerItemProxy section */
		92468EF41E47DC6700EB548E /* PBXContainerItemProxy */ = {
			isa = PBXContainerItemProxy;
			containerPortal = 92468ED71E47DC6700EB548E /* Project object */;
			proxyType = 1;
			remoteGlobalIDString = 92468EDE1E47DC6700EB548E;
			remoteInfo = SaveTheKittens;
		};
		92468EFF1E47DC6700EB548E /* PBXContainerItemProxy */ = {
			isa = PBXContainerItemProxy;
			containerPortal = 92468ED71E47DC6700EB548E /* Project object */;
			proxyType = 1;
			remoteGlobalIDString = 92468EDE1E47DC6700EB548E;
			remoteInfo = SaveTheKittens;
		};
/* End PBXContainerItemProxy section */

/* Begin PBXFileReference section */
		92468EDF1E47DC6700EB548E /* SaveTheKittens.app */ = {isa = PBXFileReference; explicitFileType = wrapper.application; includeInIndex = 0; path = SaveTheKittens.app; sourceTree = BUILT_PRODUCTS_DIR; };
		92468EE21E47DC6700EB548E /* AppDelegate.swift */ = {isa = PBXFileReference; lastKnownFileType = sourcecode.swift; path = AppDelegate.swift; sourceTree = "<group>"; };
		92468EE41E47DC6700EB548E /* ViewController.swift */ = {isa = PBXFileReference; lastKnownFileType = sourcecode.swift; path = ViewController.swift; sourceTree = "<group>"; };
		92468EE71E47DC6700EB548E /* Base */ = {isa = PBXFileReference; lastKnownFileType = file.storyboard; name = Base; path = Base.lproj/Main.storyboard; sourceTree = "<group>"; };
		92468EE91E47DC6700EB548E /* Assets.xcassets */ = {isa = PBXFileReference; lastKnownFileType = folder.assetcatalog; path = Assets.xcassets; sourceTree = "<group>"; };
		92468EEC1E47DC6700EB548E /* Base */ = {isa = PBXFileReference; lastKnownFileType = file.storyboard; name = Base; path = Base.lproj/LaunchScreen.storyboard; sourceTree = "<group>"; };
		92468EEE1E47DC6700EB548E /* Info.plist */ = {isa = PBXFileReference; lastKnownFileType = text.plist.xml; path = Info.plist; sourceTree = "<group>"; };
		92468EF31E47DC6700EB548E /* SaveTheKittensTests.xctest */ = {isa = PBXFileReference; explicitFileType = wrapper.cfbundle; includeInIndex = 0; path = SaveTheKittensTests.xctest; sourceTree = BUILT_PRODUCTS_DIR; };
		92468EF71E47DC6700EB548E /* SaveTheKittensTests.swift */ = {isa = PBXFileReference; lastKnownFileType = sourcecode.swift; path = SaveTheKittensTests.swift; sourceTree = "<group>"; };
		92468EF91E47DC6700EB548E /* Info.plist */ = {isa = PBXFileReference; lastKnownFileType = text.plist.xml; path = Info.plist; sourceTree = "<group>"; };
		92468EFE1E47DC6700EB548E /* SaveTheKittensUITests.xctest */ = {isa = PBXFileReference; explicitFileType = wrapper.cfbundle; includeInIndex = 0; path = SaveTheKittensUITests.xctest; sourceTree = BUILT_PRODUCTS_DIR; };
		92468F021E47DC6700EB548E /* SaveTheKittensUITests.swift */ = {isa = PBXFileReference; lastKnownFileType = sourcecode.swift; path = SaveTheKittensUITests.swift; sourceTree = "<group>"; };
		92468F041E47DC6700EB548E /* Info.plist */ = {isa = PBXFileReference; lastKnownFileType = text.plist.xml; path = Info.plist; sourceTree = "<group>"; };
/* End PBXFileReference section */

/* Begin PBXFrameworksBuildPhase section */
		92468EDC1E47DC6700EB548E /* Frameworks */ = {
			isa = PBXFrameworksBuildPhase;
			buildActionMask = 2147483647;
			files = (
			);
			runOnlyForDeploymentPostprocessing = 0;
		};
		92468EF01E47DC6700EB548E /* Frameworks */ = {
			isa = PBXFrameworksBuildPhase;
			buildActionMask = 2147483647;
			files = (
			);
			runOnlyForDeploymentPostprocessing = 0;
		};
		92468EFB1E47DC6700EB548E /* Frameworks */ = {
			isa = PBXFrameworksBuildPhase;
			buildActionMask = 2147483647;
			files = (
			);
			runOnlyForDeploymentPostprocessing = 0;
		};
/* End PBXFrameworksBuildPhase section */

/* Begin PBXGroup section */
		92468ED61E47DC6700EB548E = {
			isa = PBXGroup;
			children = (
				92468EE11E47DC6700EB548E /* SaveTheKittens */,
				92468EF61E47DC6700EB548E /* SaveTheKittensTests */,
				92468F011E47DC6700EB548E /* SaveTheKittensUITests */,
				92468EE01E47DC6700EB548E /* Products */,
			);
			sourceTree = "<group>";
		};
		92468EE01E47DC6700EB548E /* Products */ = {
			isa = PBXGroup;
			children = (
				92468EDF1E47DC6700EB548E /* SaveTheKittens.app */,
				92468EF31E47DC6700EB548E /* SaveTheKittensTests.xctest */,
				92468EFE1E47DC6700EB548E /* SaveTheKittensUITests.xctest */,
			);
			name = Products;
			sourceTree = "<group>";
		};
		92468EE11E47DC6700EB548E /* SaveTheKittens */ = {
			isa = PBXGroup;
			children = (
				92468EE21E47DC6700EB548E /* AppDelegate.swift */,
				92468EE41E47DC6700EB548E /* ViewController.swift */,
				92468EE61E47DC6700EB548E /* Main.storyboard */,
				92468EE91E47DC6700EB548E /* Assets.xcassets */,
				92468EEB1E47DC6700EB548E /* LaunchScreen.storyboard */,
				92468EEE1E47DC6700EB548E /* Info.plist */,
			);
			path = SaveTheKittens;
			sourceTree = "<group>";
		};
		92468EF61E47DC6700EB548E /* SaveTheKittensTests */ = {
			isa = PBXGroup;
			children = (
				92468EF71E47DC6700EB548E /* SaveTheKittensTests.swift */,
				92468EF91E47DC6700EB548E /* Info.plist */,
			);
			path = SaveTheKittensTests;
			sourceTree = "<group>";
		};
		92468F011E47DC6700EB548E /* SaveTheKittensUITests */ = {
			isa = PBXGroup;
			children = (
				92468F021E47DC6700EB548E /* SaveTheKittensUITests.swift */,
				92468F041E47DC6700EB548E /* Info.plist */,
			);
			path = SaveTheKittensUITests;
			sourceTree = "<group>";
		};
/* End PBXGroup section */

/* Begin PBXNativeTarget section */
		92468EDE1E47DC6700EB548E /* SaveTheKittens */ = {
			isa = PBXNativeTarget;
			buildConfigurationList = 92468F071E47DC6700EB548E /* Build configuration list for PBXNativeTarget "SaveTheKittens" */;
			buildPhases = (
				92468EDB1E47DC6700EB548E /* Sources */,
				92468EDC1E47DC6700EB548E /* Frameworks */,
				92468EDD1E47DC6700EB548E /* Resources */,
			);
			buildRules = (
			);
			dependencies = (
			);
			name = SaveTheKittens;
			productName = SaveTheKittens;
			productReference = 92468EDF1E47DC6700EB548E /* SaveTheKittens.app */;
			productType = "com.apple.product-type.application";
		};
		92468EF21E47DC6700EB548E /* SaveTheKittensTests */ = {
			isa = PBXNativeTarget;
			buildConfigurationList = 92468F0A1E47DC6700EB548E /* Build configuration list for PBXNativeTarget "SaveTheKittensTests" */;
			buildPhases = (
				92468EEF1E47DC6700EB548E /* Sources */,
				92468EF01E47DC6700EB548E /* Frameworks */,
				92468EF11E47DC6700EB548E /* Resources */,
			);
			buildRules = (
			);
			dependencies = (
				92468EF51E47DC6700EB548E /* PBXTargetDependency */,
			);
			name = SaveTheKittensTests;
			productName = SaveTheKittensTests;
			productReference = 92468EF31E47DC6700EB548E /* SaveTheKittensTests.xctest */;
			productType = "com.apple.product-type.bundle.unit-test";
		};
		92468EFD1E47DC6700EB548E /* SaveTheKittensUITests */ = {
			isa = PBXNativeTarget;
			buildConfigurationList = 92468F0D1E47DC6700EB548E /* Build configuration list for PBXNativeTarget "SaveTheKittensUITests" */;
			buildPhases = (
				92468EFA1E47DC6700EB548E /* Sources */,
				92468EFB1E47DC6700EB548E /* Frameworks */,
				92468EFC1E47DC6700EB548E /* Resources */,
			);
			buildRules = (
			);
			dependencies = (
				92468F001E47DC6700EB548E /* PBXTargetDependency */,
			);
			name = SaveTheKittensUITests;
			productName = SaveTheKittensUITests;
			productReference = 92468EFE1E47DC6700EB548E /* SaveTheKittensUITests.xctest */;
			productType = "com.apple.product-type.bundle.ui-testing";
		};
/* End PBXNativeTarget section */

/* Begin PBXProject section */
		92468ED71E47DC6700EB548E /* Project object */ = {
			isa = PBXProject;
			attributes = {
				LastSwiftUpdateCheck = 0820;
				LastUpgradeCheck = 0820;
				ORGANIZATIONNAME = "Jason Christians";
				TargetAttributes = {
					92468EDE1E47DC6700EB548E = {
						CreatedOnToolsVersion = 8.2.1;
						ProvisioningStyle = Automatic;
					};
					92468EF21E47DC6700EB548E = {
						CreatedOnToolsVersion = 8.2.1;
						ProvisioningStyle = Automatic;
						TestTargetID = 92468EDE1E47DC6700EB548E;
					};
					92468EFD1E47DC6700EB548E = {
						CreatedOnToolsVersion = 8.2.1;
						ProvisioningStyle = Automatic;
						TestTargetID = 92468EDE1E47DC6700EB548E;
					};
				};
			};
			buildConfigurationList = 92468EDA1E47DC6700EB548E /* Build configuration list for PBXProject "SaveTheKittens" */;
			compatibilityVersion = "Xcode 3.2";
			developmentRegion = English;
			hasScannedForEncodings = 0;
			knownRegions = (
				en,
				Base,
			);
			mainGroup = 92468ED61E47DC6700EB548E;
			productRefGroup = 92468EE01E47DC6700EB548E /* Products */;
			projectDirPath = "";
			projectRoot = "";
			targets = (
				92468EDE1E47DC6700EB548E /* SaveTheKittens */,
				92468EF21E47DC6700EB548E /* SaveTheKittensTests */,
				92468EFD1E47DC6700EB548E /* SaveTheKittensUITests */,
			);
		};
/* End PBXProject section */

/* Begin PBXResourcesBuildPhase section */
		92468EDD1E47DC6700EB548E /* Resources */ = {
			isa = PBXResourcesBuildPhase;
			buildActionMask = 2147483647;
			files = (
				92468EED1E47DC6700EB548E /* LaunchScreen.storyboard in Resources */,
				92468EEA1E47DC6700EB548E /* Assets.xcassets in Resources */,
				92468EE81E47DC6700EB548E /* Main.storyboard in Resources */,
			);
			runOnlyForDeploymentPostprocessing = 0;
		};
		92468EF11E47DC6700EB548E /* Resources */ = {
			isa = PBXResourcesBuildPhase;
			buildActionMask = 2147483647;
			files = (
			);
			runOnlyForDeploymentPostprocessing = 0;
		};
		92468EFC1E47DC6700EB548E /* Resources */ = {
			isa = PBXResourcesBuildPhase;
			buildActionMask = 2147483647;
			files = (
			);
			runOnlyForDeploymentPostprocessing = 0;
		};
/* End PBXResourcesBuildPhase section */

/* Begin PBXSourcesBuildPhase section */
		92468EDB1E47DC6700EB548E /* Sources */ = {
			isa = PBXSourcesBuildPhase;
			buildActionMask = 2147483647;
			files = (
				92468EE51E47DC6700EB548E /* ViewController.swift in Sources */,
				92468EE31E47DC6700EB548E /* AppDelegate.swift in Sources */,
			);
			runOnlyForDeploymentPostprocessing = 0;
		};
		92468EEF1E47DC6700EB548E /* Sources */ = {
			isa = PBXSourcesBuildPhase;
			buildActionMask = 2147483647;
			files = (
				92468EF81E47DC6700EB548E /* SaveTheKittensTests.swift in Sources */,
			);
			runOnlyForDeploymentPostprocessing = 0;
		};
		92468EFA1E47DC6700EB548E /* Sources */ = {
			isa = PBXSourcesBuildPhase;
			buildActionMask = 2147483647;
			files = (
				92468F031E47DC6700EB548E /* SaveTheKittensUITests.swift in Sources */,
			);
			runOnlyForDeploymentPostprocessing = 0;
		};
/* End PBXSourcesBuildPhase section */

/* Begin PBXTargetDependency section */
		92468EF51E47DC6700EB548E /* PBXTargetDependency */ = {
			isa = PBXTargetDependency;
			target = 92468EDE1E47DC6700EB548E /* SaveTheKittens */;
			targetProxy = 92468EF41E47DC6700EB548E /* PBXContainerItemProxy */;
		};
		92468F001E47DC6700EB548E /* PBXTargetDependency */ = {
			isa = PBXTargetDependency;
			target = 92468EDE1E47DC6700EB548E /* SaveTheKittens */;
			targetProxy = 92468EFF1E47DC6700EB548E /* PBXContainerItemProxy */;
		};
/* End PBXTargetDependency section */

/* Begin PBXVariantGroup section */
		92468EE61E47DC6700EB548E /* Main.storyboard */ = {
			isa = PBXVariantGroup;
			children = (
				92468EE71E47DC6700EB548E /* Base */,
			);
			name = Main.storyboard;
			sourceTree = "<group>";
		};
		92468EEB1E47DC6700EB548E /* LaunchScreen.storyboard */ = {
			isa = PBXVariantGroup;
			children = (
				92468EEC1E47DC6700EB548E /* Base */,
			);
			name = LaunchScreen.storyboard;
			sourceTree = "<group>";
		};
/* End PBXVariantGroup section */

/* Begin XCBuildConfiguration section */
		92468F051E47DC6700EB548E /* Debug */ = {
			isa = XCBuildConfiguration;
			buildSettings = {
				ALWAYS_SEARCH_USER_PATHS = NO;
				CLANG_ANALYZER_NONNULL = YES;
				CLANG_CXX_LANGUAGE_STANDARD = "gnu++0x";
				CLANG_CXX_LIBRARY = "libc++";
				CLANG_ENABLE_MODULES = YES;
				CLANG_ENABLE_OBJC_ARC = YES;
				CLANG_WARN_BOOL_CONVERSION = YES;
				CLANG_WARN_CONSTANT_CONVERSION = YES;
				CLANG_WARN_DIRECT_OBJC_ISA_USAGE = YES_ERROR;
				CLANG_WARN_DOCUMENTATION_COMMENTS = YES;
				CLANG_WARN_EMPTY_BODY = YES;
				CLANG_WARN_ENUM_CONVERSION = YES;
				CLANG_WARN_INFINITE_RECURSION = YES;
				CLANG_WARN_INT_CONVERSION = YES;
				CLANG_WARN_OBJC_ROOT_CLASS = YES_ERROR;
				CLANG_WARN_SUSPICIOUS_MOVE = YES;
				CLANG_WARN_UNREACHABLE_CODE = YES;
				CLANG_WARN__DUPLICATE_METHOD_MATCH = YES;
				"CODE_SIGN_IDENTITY[sdk=iphoneos*]" = "iPhone Developer";
				COPY_PHASE_STRIP = NO;
				DEBUG_INFORMATION_FORMAT = dwarf;
				ENABLE_STRICT_OBJC_MSGSEND = YES;
				ENABLE_TESTABILITY = YES;
				GCC_C_LANGUAGE_STANDARD = gnu99;
				GCC_DYNAMIC_NO_PIC = NO;
				GCC_NO_COMMON_BLOCKS = YES;
				GCC_OPTIMIZATION_LEVEL = 0;
				GCC_PREPROCESSOR_DEFINITIONS = (
					"DEBUG=1",
					"$(inherited)",
				);
				GCC_WARN_64_TO_32_BIT_CONVERSION = YES;
				GCC_WARN_ABOUT_RETURN_TYPE = YES_ERROR;
				GCC_WARN_UNDECLARED_SELECTOR = YES;
				GCC_WARN_UNINITIALIZED_AUTOS = YES_AGGRESSIVE;
				GCC_WARN_UNUSED_FUNCTION = YES;
				GCC_WARN_UNUSED_VARIABLE = YES;
				IPHONEOS_DEPLOYMENT_TARGET = 10.2;
				MTL_ENABLE_DEBUG_INFO = YES;
				ONLY_ACTIVE_ARCH = YES;
				SDKROOT = iphoneos;
				SWIFT_ACTIVE_COMPILATION_CONDITIONS = DEBUG;
				SWIFT_OPTIMIZATION_LEVEL = "-Onone";
				TARGETED_DEVICE_FAMILY = "1,2";
			};
			name = Debug;
		};
		92468F061E47DC6700EB548E /* Release */ = {
			isa = XCBuildConfiguration;
			buildSettings = {
				ALWAYS_SEARCH_USER_PATHS = NO;
				CLANG_ANALYZER_NONNULL = YES;
				CLANG_CXX_LANGUAGE_STANDARD = "gnu++0x";
				CLANG_CXX_LIBRARY = "libc++";
				CLANG_ENABLE_MODULES = YES;
				CLANG_ENABLE_OBJC_ARC = YES;
				CLANG_WARN_BOOL_CONVERSION = YES;
				CLANG_WARN_CONSTANT_CONVERSION = YES;
				CLANG_WARN_DIRECT_OBJC_ISA_USAGE = YES_ERROR;
				CLANG_WARN_DOCUMENTATION_COMMENTS = YES;
				CLANG_WARN_EMPTY_BODY = YES;
				CLANG_WARN_ENUM_CONVERSION = YES;
				CLANG_WARN_INFINITE_RECURSION = YES;
				CLANG_WARN_INT_CONVERSION = YES;
				CLANG_WARN_OBJC_ROOT_CLASS = YES_ERROR;
				CLANG_WARN_SUSPICIOUS_MOVE = YES;
				CLANG_WARN_UNREACHABLE_CODE = YES;
				CLANG_WARN__DUPLICATE_METHOD_MATCH = YES;
				"CODE_SIGN_IDENTITY[sdk=iphoneos*]" = "iPhone Developer";
				COPY_PHASE_STRIP = NO;
				DEBUG_INFORMATION_FORMAT = "dwarf-with-dsym";
				ENABLE_NS_ASSERTIONS = NO;
				ENABLE_STRICT_OBJC_MSGSEND = YES;
				GCC_C_LANGUAGE_STANDARD = gnu99;
				GCC_NO_COMMON_BLOCKS = YES;
				GCC_WARN_64_TO_32_BIT_CONVERSION = YES;
				GCC_WARN_ABOUT_RETURN_TYPE = YES_ERROR;
				GCC_WARN_UNDECLARED_SELECTOR = YES;
				GCC_WARN_UNINITIALIZED_AUTOS = YES_AGGRESSIVE;
				GCC_WARN_UNUSED_FUNCTION = YES;
				GCC_WARN_UNUSED_VARIABLE = YES;
				IPHONEOS_DEPLOYMENT_TARGET = 10.2;
				MTL_ENABLE_DEBUG_INFO = NO;
				SDKROOT = iphoneos;
				SWIFT_OPTIMIZATION_LEVEL = "-Owholemodule";
				TARGETED_DEVICE_FAMILY = "1,2";
				VALIDATE_PRODUCT = YES;
			};
			name = Release;
		};
		92468F081E47DC6700EB548E /* Debug */ = {
			isa = XCBuildConfiguration;
			buildSettings = {
				ASSETCATALOG_COMPILER_APPICON_NAME = AppIcon;
				INFOPLIST_FILE = SaveTheKittens/Info.plist;
				LD_RUNPATH_SEARCH_PATHS = "$(inherited) @executable_path/Frameworks";
				PRODUCT_BUNDLE_IDENTIFIER = com.JDChristians.SaveTheKittens;
				PRODUCT_NAME = "$(TARGET_NAME)";
				SWIFT_VERSION = 3.0;
			};
			name = Debug;
		};
		92468F091E47DC6700EB548E /* Release */ = {
			isa = XCBuildConfiguration;
			buildSettings = {
				ASSETCATALOG_COMPILER_APPICON_NAME = AppIcon;
				INFOPLIST_FILE = SaveTheKittens/Info.plist;
				LD_RUNPATH_SEARCH_PATHS = "$(inherited) @executable_path/Frameworks";
				PRODUCT_BUNDLE_IDENTIFIER = com.JDChristians.SaveTheKittens;
				PRODUCT_NAME = "$(TARGET_NAME)";
				SWIFT_VERSION = 3.0;
			};
			name = Release;
		};
		92468F0B1E47DC6700EB548E /* Debug */ = {
			isa = XCBuildConfiguration;
			buildSettings = {
				ALWAYS_EMBED_SWIFT_STANDARD_LIBRARIES = YES;
				BUNDLE_LOADER = "$(TEST_HOST)";
				INFOPLIST_FILE = SaveTheKittensTests/Info.plist;
				LD_RUNPATH_SEARCH_PATHS = "$(inherited) @executable_path/Frameworks @loader_path/Frameworks";
				PRODUCT_BUNDLE_IDENTIFIER = com.JDChristians.SaveTheKittensTests;
				PRODUCT_NAME = "$(TARGET_NAME)";
				SWIFT_VERSION = 3.0;
				TEST_HOST = "$(BUILT_PRODUCTS_DIR)/SaveTheKittens.app/SaveTheKittens";
			};
			name = Debug;
		};
		92468F0C1E47DC6700EB548E /* Release */ = {
			isa = XCBuildConfiguration;
			buildSettings = {
				ALWAYS_EMBED_SWIFT_STANDARD_LIBRARIES = YES;
				BUNDLE_LOADER = "$(TEST_HOST)";
				INFOPLIST_FILE = SaveTheKittensTests/Info.plist;
				LD_RUNPATH_SEARCH_PATHS = "$(inherited) @executable_path/Frameworks @loader_path/Frameworks";
				PRODUCT_BUNDLE_IDENTIFIER = com.JDChristians.SaveTheKittensTests;
				PRODUCT_NAME = "$(TARGET_NAME)";
				SWIFT_VERSION = 3.0;
				TEST_HOST = "$(BUILT_PRODUCTS_DIR)/SaveTheKittens.app/SaveTheKittens";
			};
			name = Release;
		};
		92468F0E1E47DC6700EB548E /* Debug */ = {
			isa = XCBuildConfiguration;
			buildSettings = {
				ALWAYS_EMBED_SWIFT_STANDARD_LIBRARIES = YES;
				INFOPLIST_FILE = SaveTheKittensUITests/Info.plist;
				LD_RUNPATH_SEARCH_PATHS = "$(inherited) @executable_path/Frameworks @loader_path/Frameworks";
				PRODUCT_BUNDLE_IDENTIFIER = com.JDChristians.SaveTheKittensUITests;
				PRODUCT_NAME = "$(TARGET_NAME)";
				SWIFT_VERSION = 3.0;
				TEST_TARGET_NAME = SaveTheKittens;
			};
			name = Debug;
		};
		92468F0F1E47DC6700EB548E /* Release */ = {
			isa = XCBuildConfiguration;
			buildSettings = {
				ALWAYS_EMBED_SWIFT_STANDARD_LIBRARIES = YES;
				INFOPLIST_FILE = SaveTheKittensUITests/Info.plist;
				LD_RUNPATH_SEARCH_PATHS = "$(inherited) @executable_path/Frameworks @loader_path/Frameworks";
				PRODUCT_BUNDLE_IDENTIFIER = com.JDChristians.SaveTheKittensUITests;
				PRODUCT_NAME = "$(TARGET_NAME)";
				SWIFT_VERSION = 3.0;
				TEST_TARGET_NAME = SaveTheKittens;
			};
			name = Release;
		};
/* End XCBuildConfiguration section */

/* Begin XCConfigurationList section */
		92468EDA1E47DC6700EB548E /* Build configuration list for PBXProject "SaveTheKittens" */ = {
			isa = XCConfigurationList;
			buildConfigurations = (
				92468F051E47DC6700EB548E /* Debug */,
				92468F061E47DC6700EB548E /* Release */,
			);
			defaultConfigurationIsVisible = 0;
			defaultConfigurationName = Release;
		};
		92468F071E47DC6700EB548E /* Build configuration list for PBXNativeTarget "SaveTheKittens" */ = {
			isa = XCConfigurationList;
			buildConfigurations = (
				92468F081E47DC6700EB548E /* Debug */,
				92468F091E47DC6700EB548E /* Release */,
			);
			defaultConfigurationIsVisible = 0;
		};
		92468F0A1E47DC6700EB548E /* Build configuration list for PBXNativeTarget "SaveTheKittensTests" */ = {
			isa = XCConfigurationList;
			buildConfigurations = (
				92468F0B1E47DC6700EB548E /* Debug */,
				92468F0C1E47DC6700EB548E /* Release */,
			);
			defaultConfigurationIsVisible = 0;
		};
		92468F0D1E47DC6700EB548E /* Build configuration list for PBXNativeTarget "SaveTheKittensUITests" */ = {
			isa = XCConfigurationList;
			buildConfigurations = (
				92468F0E1E47DC6700EB548E /* Debug */,
				92468F0F1E47DC6700EB548E /* Release */,
			);
			defaultConfigurationIsVisible = 0;
		};
/* End XCConfigurationList section */
	};
	rootObject = 92468ED71E47DC6700EB548E /* Project object */;
}
